# This file is automatically @generated by Cargo.
# It is not intended for manual editing.
version = 4

[[package]]
name = "rand_core"
version = "0.9.5"
source = "registry+https://github.com/rust-lang/crates.io-index"
checksum = "76afc826de14238e6e8c374ddcc1fa19e374fd8dd986b0d2af0d02377261d83c"

[[package]]
name = "wyhash"
version = "0.6.0"
source = "registry+https://github.com/rust-lang/crates.io-index"
checksum = "ca4d373340c479fd1e779f7a763acee85da3e423b1a9a9acccf97babcc92edbb"
dependencies = [
 "rand_core",
]

[[package]]
name = "zdisamar-rust-port"
version = "0.0.1"
dependencies = [
 "wyhash",
]
